{
  "version": 4,
  "terraform_version": "1.3.7",
  "serial": 19,
  "lineage": "e080a975-e2d7-80d4-4799-3dd30e8d2708",
  "outputs": {
    "kubernetes_cluster_host": {
      "value": "34.173.80.145",
      "type": "string"
    },
    "kubernetes_cluster_name": {
      "value": "cloud-project-376908-gke",
      "type": "string"
    },
    "project_id": {
      "value": "cloud-project-376908",
      "type": "string"
    },
    "region": {
      "value": "us-central1",
      "type": "string"
    }
  },
  "resources": [
    {
      "mode": "managed",
      "type": "google_compute_network",
      "name": "vpc",
      "provider": "provider[\"registry.terraform.io/hashicorp/google\"]",
      "instances": [
        {
          "schema_version": 0,
          "attributes": {
            "auto_create_subnetworks": false,
            "delete_default_routes_on_create": false,
            "description": "",
            "enable_ula_internal_ipv6": false,
            "gateway_ipv4": "",
            "id": "projects/cloud-project-376908/global/networks/cloud-project-376908-vpc",
            "internal_ipv6_range": "",
            "mtu": 0,
            "name": "cloud-project-376908-vpc",
            "project": "cloud-project-376908",
            "routing_mode": "REGIONAL",
            "self_link": "https://www.googleapis.com/compute/v1/projects/cloud-project-376908/global/networks/cloud-project-376908-vpc",
            "timeouts": null
          },
          "sensitive_attributes": [],
          "private": "eyJlMmJmYjczMC1lY2FhLTExZTYtOGY4OC0zNDM2M2JjN2M0YzAiOnsiY3JlYXRlIjoxMjAwMDAwMDAwMDAwLCJkZWxldGUiOjEyMDAwMDAwMDAwMDAsInVwZGF0ZSI6MTIwMDAwMDAwMDAwMH19"
        }
      ]
    },
    {
      "mode": "managed",
      "type": "google_compute_subnetwork",
      "name": "subnet",
      "provider": "provider[\"registry.terraform.io/hashicorp/google\"]",
      "instances": [
        {
          "schema_version": 0,
          "attributes": {
            "creation_timestamp": "2023-02-06T06:05:46.814-08:00",
            "description": "",
            "external_ipv6_prefix": "",
            "fingerprint": null,
            "gateway_address": "10.10.0.1",
            "id": "projects/cloud-project-376908/regions/us-central1/subnetworks/cloud-project-376908-subnet",
            "ip_cidr_range": "10.10.0.0/24",
            "ipv6_access_type": "",
            "ipv6_cidr_range": "",
            "log_config": [],
            "name": "cloud-project-376908-subnet",
            "network": "https://www.googleapis.com/compute/v1/projects/cloud-project-376908/global/networks/cloud-project-376908-vpc",
            "private_ip_google_access": false,
            "private_ipv6_google_access": "DISABLE_GOOGLE_ACCESS",
            "project": "cloud-project-376908",
            "purpose": "PRIVATE",
            "region": "us-central1",
            "role": "",
            "secondary_ip_range": [],
            "self_link": "https://www.googleapis.com/compute/v1/projects/cloud-project-376908/regions/us-central1/subnetworks/cloud-project-376908-subnet",
            "stack_type": "IPV4_ONLY",
            "timeouts": null
          },
          "sensitive_attributes": [],
          "private": "eyJlMmJmYjczMC1lY2FhLTExZTYtOGY4OC0zNDM2M2JjN2M0YzAiOnsiY3JlYXRlIjoxMjAwMDAwMDAwMDAwLCJkZWxldGUiOjEyMDAwMDAwMDAwMDAsInVwZGF0ZSI6MTIwMDAwMDAwMDAwMH19",
          "dependencies": [
            "google_compute_network.vpc"
          ]
        }
      ]
    },
    {
      "mode": "managed",
      "type": "google_container_cluster",
      "name": "primary",
      "provider": "provider[\"registry.terraform.io/hashicorp/google\"]",
      "instances": [
        {
          "schema_version": 1,
          "attributes": {
            "addons_config": [
              {
                "cloudrun_config": [],
                "gcp_filestore_csi_driver_config": [],
                "horizontal_pod_autoscaling": [],
                "http_load_balancing": [],
                "network_policy_config": [
                  {
                    "disabled": true
                  }
                ]
              }
            ],
            "authenticator_groups_config": [],
            "cluster_autoscaling": [
              {
                "auto_provisioning_defaults": [],
                "enabled": false,
                "resource_limits": []
              }
            ],
            "cluster_ipv4_cidr": "10.200.0.0/14",
            "confidential_nodes": [],
            "database_encryption": [
              {
                "key_name": "",
                "state": "DECRYPTED"
              }
            ],
            "datapath_provider": "",
            "default_max_pods_per_node": null,
            "default_snat_status": [
              {
                "disabled": false
              }
            ],
            "description": "",
            "dns_config": [],
            "enable_autopilot": false,
            "enable_binary_authorization": false,
            "enable_intranode_visibility": false,
            "enable_kubernetes_alpha": false,
            "enable_legacy_abac": false,
            "enable_shielded_nodes": true,
            "enable_tpu": false,
            "endpoint": "34.173.80.145",
            "id": "projects/cloud-project-376908/locations/us-central1/clusters/cloud-project-376908-gke",
            "initial_node_count": 1,
            "ip_allocation_policy": [],
            "label_fingerprint": "a9dc16a7",
            "location": "us-central1",
            "logging_config": [
              {
                "enable_components": [
                  "SYSTEM_COMPONENTS",
                  "WORKLOADS"
                ]
              }
            ],
            "logging_service": "logging.googleapis.com/kubernetes",
            "maintenance_policy": [],
            "master_auth": [
              {
                "client_certificate": "",
                "client_certificate_config": [
                  {
                    "issue_client_certificate": false
                  }
                ],
                "client_key": "",
                "cluster_ca_certificate": "LS0tLS1CRUdJTiBDRVJUSUZJQ0FURS0tLS0tCk1JSUVMVENDQXBXZ0F3SUJBZ0lSQUs4NnQrNVJqV1FiNVhTVmhXaEdPYWd3RFFZSktvWklodmNOQVFFTEJRQXcKTHpFdE1Dc0dBMVVFQXhNa1lqa3pPRGcyWW1FdE5qaGxOaTAwTWpoaExUbGtaV0l0T0dKall6VTRNbUUzTkRBNQpNQ0FYRFRJek1ESXdOakV6TURVMU9Wb1lEekl3TlRNd01USTVNVFF3TlRVNVdqQXZNUzB3S3dZRFZRUURFeVJpCk9UTTRPRFppWVMwMk9HVTJMVFF5T0dFdE9XUmxZaTA0WW1Oak5UZ3lZVGMwTURrd2dnR2lNQTBHQ1NxR1NJYjMKRFFFQkFRVUFBNElCandBd2dnR0tBb0lCZ1FDb1I1NlA0VkZySUE4WkFGeUs5a1phd1M0VG1yL25xZm4rRFRVYQpGYWdhUTBIK1FlSHpzYmRqWGdYNm0zam90aVJuUERYWFJPZkZTbVhCc1ZUR3RsZnM5TDFSNkUrcmhwNVkrcEdoCmFNSkFRQ2liZUsyZnNBVmsyVEQ1Y21yd292eFdxTElxdEludXRwOGNJTkdwUWNtRGRJNXRJT2U4SDJnUHJpNEIKSW1UZDFvekJWeVFXcW5IeFFzNzh2T3dXVFVWaWwyb0ZsQWlMUzlDeG5vUWZiVVZXMWNLVklWU2dlbklEUjhyVgpER085VVdGOXRKWkZGSmhpaWlsZUxQVWcrQ3owRXFZdkVYSnJZQXZSd3JremwwZ1NRQnpUNC9RelF4dmM0WnE4CkRyNWh6c21YbStqNXlQNm01N2tXaDNUM21ObCtubWJ3Mi9KUngxdVBDRlM4bVpNN1ptN00xcFNWZWVKUVJBbW4KMFlJOHFlZGsyWnlLNlVqQi9rcmp2ZUpJNTVmSWdFVThLc1FxdUlrT3k4N1RJUk54bThjWWU4U3lpdUdaWVdhVQptdWNsUnFVczVSRnNDWkhCWHNxYXYySEpUUm9SbCt5NCtOMUFlazJSeHhHaTFUU3dPa3ZMd1JVb3psUzh3Zld2ClV4aExuTHplUWo4a2NoM1ZaSGNMSzVlNVFMTUNBd0VBQWFOQ01FQXdEZ1lEVlIwUEFRSC9CQVFEQWdJRU1BOEcKQTFVZEV3RUIvd1FGTUFNQkFmOHdIUVlEVlIwT0JCWUVGRHo1dUJ0Z1A2M1VjMW5POHZ0Sy9kWlRkZzM2TUEwRwpDU3FHU0liM0RRRUJDd1VBQTRJQmdRQVpjeExXb0Y0cnk2QnBRODlVNzRsN25sRHZBSldZclR4TDBqa3R1dHdqCjZXajY0SURUUEVPcnY0V2R3ektQM0RBMkN6R1R5M2lXazJlQnJrZ2xBMkZZNkViOG8vRmJ0RDMvZCs3bGFlTkIKMUEzRXc0Sm1qZlBZemtvaVVhRmsvbTBMV29hTmNsclVJaTNNUHk1VVZiYzk2NnpxMURFRk83Q2RDMktoeXhkdQpmOXprdW1HWkFXdEZaRHdKNmZuRFd3UHhEQlIvTVVjY2lMUFRlOWhvWkU2eFJkeGFhdVp0R0VVWkNzbnpLMkoyCi9Ta1VSei8rQys5TnNYendSd0Z3TldZU08veldMcUVQQW5GT2N4OGhUZWpMeHVzR2QvNkhvRjU1M0RwS3psVVQKbXNrazFRR2cyeWVrMG9JZDROaHh3QUlyM0NiMGhqdnhNMlFqZ1FGSDFkVXlCeEt3TXFpOEpTaElLQy9qT3I1UgpJWTNvUm1WR0MxYm9SRnV3bjlkYzNHZWZIdEphY3l4ZGlHRG5yT3Uyc2o1bUorMG9obExmMlpqT1h4OFJib0c4CkdiM2EvLzdNdWVoSkxWRllocDc4cG9ucGdHM2cvMlBPYmljMGlIWWZOUGZvZkZIVGh4bzdQb3IzR2s1NG85eWgKOXhDR0dVTlFURVE3ZzZuTnowUmV6cDQ9Ci0tLS0tRU5EIENFUlRJRklDQVRFLS0tLS0K"
              }
            ],
            "master_authorized_networks_config": [],
            "master_version": "1.24.8-gke.2000",
            "min_master_version": null,
            "monitoring_config": [
              {
                "enable_components": [
                  "SYSTEM_COMPONENTS"
                ]
              }
            ],
            "monitoring_service": "monitoring.googleapis.com/kubernetes",
            "name": "cloud-project-376908-gke",
            "network": "projects/cloud-project-376908/global/networks/cloud-project-376908-vpc",
            "network_policy": [
              {
                "enabled": false,
                "provider": "PROVIDER_UNSPECIFIED"
              }
            ],
            "networking_mode": "ROUTES",
            "node_config": [],
            "node_locations": [
              "us-central1-a",
              "us-central1-c",
              "us-central1-f"
            ],
            "node_pool": [],
            "node_version": "1.24.8-gke.2000",
            "operation": null,
            "private_cluster_config": [
              {
                "enable_private_endpoint": false,
                "enable_private_nodes": false,
                "master_global_access_config": [
                  {
                    "enabled": false
                  }
                ],
                "master_ipv4_cidr_block": "",
                "peering_name": "",
                "private_endpoint": "10.10.0.2",
                "public_endpoint": "34.173.80.145"
              }
            ],
            "private_ipv6_google_access": "",
            "project": "cloud-project-376908",
            "release_channel": [
              {
                "channel": "REGULAR"
              }
            ],
            "remove_default_node_pool": true,
            "resource_labels": null,
            "resource_usage_export_config": [],
            "self_link": "https://container.googleapis.com/v1/projects/cloud-project-376908/locations/us-central1/clusters/cloud-project-376908-gke",
            "services_ipv4_cidr": "10.203.240.0/20",
            "subnetwork": "projects/cloud-project-376908/regions/us-central1/subnetworks/cloud-project-376908-subnet",
            "timeouts": null,
            "tpu_ipv4_cidr_block": "",
            "vertical_pod_autoscaling": [],
            "workload_identity_config": []
          },
          "sensitive_attributes": [],
          "private": "eyJlMmJmYjczMC1lY2FhLTExZTYtOGY4OC0zNDM2M2JjN2M0YzAiOnsiY3JlYXRlIjoyNDAwMDAwMDAwMDAwLCJkZWxldGUiOjI0MDAwMDAwMDAwMDAsInJlYWQiOjI0MDAwMDAwMDAwMDAsInVwZGF0ZSI6MzYwMDAwMDAwMDAwMH0sInNjaGVtYV92ZXJzaW9uIjoiMSJ9",
          "dependencies": [
            "google_compute_network.vpc",
            "google_compute_subnetwork.subnet"
          ]
        }
      ]
    },
    {
      "mode": "managed",
      "type": "google_container_node_pool",
      "name": "primary_nodes",
      "provider": "provider[\"registry.terraform.io/hashicorp/google\"]",
      "instances": [
        {
          "schema_version": 1,
          "attributes": {
            "autoscaling": [],
            "cluster": "cloud-project-376908-gke",
            "id": "projects/cloud-project-376908/locations/us-central1/clusters/cloud-project-376908-gke/nodePools/cloud-project-376908-gke",
            "initial_node_count": 1,
            "instance_group_urls": [
              "https://www.googleapis.com/compute/v1/projects/cloud-project-376908/zones/us-central1-a/instanceGroupManagers/gke-cloud-project-37-cloud-project-37-457c5d99-grp",
              "https://www.googleapis.com/compute/v1/projects/cloud-project-376908/zones/us-central1-c/instanceGroupManagers/gke-cloud-project-37-cloud-project-37-179649c3-grp",
              "https://www.googleapis.com/compute/v1/projects/cloud-project-376908/zones/us-central1-f/instanceGroupManagers/gke-cloud-project-37-cloud-project-37-0b58d85f-grp"
            ],
            "location": "us-central1",
            "managed_instance_group_urls": [
              "https://www.googleapis.com/compute/v1/projects/cloud-project-376908/zones/us-central1-a/instanceGroups/gke-cloud-project-37-cloud-project-37-457c5d99-grp",
              "https://www.googleapis.com/compute/v1/projects/cloud-project-376908/zones/us-central1-c/instanceGroups/gke-cloud-project-37-cloud-project-37-179649c3-grp",
              "https://www.googleapis.com/compute/v1/projects/cloud-project-376908/zones/us-central1-f/instanceGroups/gke-cloud-project-37-cloud-project-37-0b58d85f-grp"
            ],
            "management": [
              {
                "auto_repair": true,
                "auto_upgrade": true
              }
            ],
            "max_pods_per_node": null,
            "name": "cloud-project-376908-gke",
            "name_prefix": "",
            "node_config": [
              {
                "boot_disk_kms_key": "",
                "disk_size_gb": 15,
                "disk_type": "pd-balanced",
                "gcfs_config": [],
                "guest_accelerator": [],
                "gvnic": [],
                "image_type": "COS_CONTAINERD",
                "labels": {
                  "env": "cloud-project-376908"
                },
                "local_ssd_count": 0,
                "machine_type": "e2-standard-2",
                "metadata": {
                  "disable-legacy-endpoints": "true"
                },
                "min_cpu_platform": "",
                "node_group": "",
                "oauth_scopes": [
                  "https://www.googleapis.com/auth/devstorage.read_only",
                  "https://www.googleapis.com/auth/logging.write",
                  "https://www.googleapis.com/auth/monitoring",
                  "https://www.googleapis.com/auth/service.management.readonly",
                  "https://www.googleapis.com/auth/servicecontrol",
                  "https://www.googleapis.com/auth/trace.append"
                ],
                "preemptible": false,
                "service_account": "default",
                "shielded_instance_config": [
                  {
                    "enable_integrity_monitoring": true,
                    "enable_secure_boot": false
                  }
                ],
                "spot": false,
                "tags": [
                  "gke-node",
                  "cloud-project-376908-gke"
                ],
                "taint": [],
                "workload_metadata_config": []
              }
            ],
            "node_count": 1,
            "node_locations": [
              "us-central1-a",
              "us-central1-c",
              "us-central1-f"
            ],
            "operation": null,
            "project": "cloud-project-376908",
            "timeouts": null,
            "upgrade_settings": [
              {
                "max_surge": 1,
                "max_unavailable": 0
              }
            ],
            "version": "1.24.8-gke.2000"
          },
          "sensitive_attributes": [],
          "private": "eyJlMmJmYjczMC1lY2FhLTExZTYtOGY4OC0zNDM2M2JjN2M0YzAiOnsiY3JlYXRlIjoxODAwMDAwMDAwMDAwLCJkZWxldGUiOjE4MDAwMDAwMDAwMDAsInVwZGF0ZSI6MTgwMDAwMDAwMDAwMH0sInNjaGVtYV92ZXJzaW9uIjoiMSJ9",
          "dependencies": [
            "google_compute_network.vpc",
            "google_compute_subnetwork.subnet",
            "google_container_cluster.primary"
          ]
        }
      ]
    }
  ],
  "check_results": null
}
